
Microsoft Visual Studio Solution File, Format Version 12.00
# Visual Studio Version 17
VisualStudioVersion = 17.3.32825.248
MinimumVisualStudioVersion = 10.0.40219.1
Project("{9A19103F-16F7-4668-BE54-9A1E7A4F7556}") = "Menu", "Menu\Menu.csproj", "{3E35351B-2EE9-486C-9B49-312084D02FBD}"
EndProject
Project("{9A19103F-16F7-4668-BE54-9A1E7A4F7556}") = "Notes", "Notes\Notes.csproj", "{4749FB89-5C23-4D9F-846C-609BA3E0B719}"
EndProject
Global
	GlobalSection(SolutionConfigurationPlatforms) = preSolution
		Debug|Any CPU = Debug|Any CPU
		Release|Any CPU = Release|Any CPU
	EndGlobalSection
	GlobalSection(ProjectConfigurationPlatforms) = postSolution
		{3E35351B-2EE9-486C-9B49-312084D02FBD}.Debug|Any CPU.ActiveCfg = Debug|Any CPU
		{3E35351B-2EE9-486C-9B49-312084D02FBD}.Debug|Any CPU.Build.0 = Debug|Any CPU
		{3E35351B-2EE9-486C-9B49-312084D02FBD}.Release|Any CPU.ActiveCfg = Release|Any CPU
		{3E35351B-2EE9-486C-9B49-312084D02FBD}.Release|Any CPU.Build.0 = Release|Any CPU
		{4749FB89-5C23-4D9F-846C-609BA3E0B719}.Debug|Any CPU.ActiveCfg = Debug|Any CPU
		{4749FB89-5C23-4D9F-846C-609BA3E0B719}.Debug|Any CPU.Build.0 = Debug|Any CPU
		{4749FB89-5C23-4D9F-846C-609BA3E0B719}.Release|Any CPU.ActiveCfg = Release|Any CPU
		{4749FB89-5C23-4D9F-846C-609BA3E0B719}.Release|Any CPU.Build.0 = Release|Any CPU
	EndGlobalSection
	GlobalSection(SolutionProperties) = preSolution
		HideSolutionNode = FALSE
	EndGlobalSection
	GlobalSection(ExtensibilityGlobals) = postSolution
		SolutionGuid = {65E7437B-5DE4-4FF5-B553-DEFA69776003}
	EndGlobalSection
EndGlobal
